
Microsoft Visual Studio Solution File, Format Version 12.00
# Visual Studio Version 16
VisualStudioVersion = 16.0.809.9
MinimumVisualStudioVersion = 10.0.40219.1
Project("{FAE04EC0-301F-11D3-BF4B-00C04F79EFBC}") = "TimeLogger", "TimeLogger.csproj", "{FE6DD8D2-9CB5-429B-9239-C32C61EC1935}"
EndProject
Global
	GlobalSection(SolutionConfigurationPlatforms) = preSolution
		Debug|Any CPU = Debug|Any CPU
		Release|Any CPU = Release|Any CPU
	EndGlobalSection
	GlobalSection(ProjectConfigurationPlatforms) = postSolution
		{FE6DD8D2-9CB5-429B-9239-C32C61EC1935}.Debug|Any CPU.ActiveCfg = Debug|Any CPU
		{FE6DD8D2-9CB5-429B-9239-C32C61EC1935}.Debug|Any CPU.Build.0 = Debug|Any CPU
		{FE6DD8D2-9CB5-429B-9239-C32C61EC1935}.Release|Any CPU.ActiveCfg = Release|Any CPU
		{FE6DD8D2-9CB5-429B-9239-C32C61EC1935}.Release|Any CPU.Build.0 = Release|Any CPU
	EndGlobalSection
	GlobalSection(SolutionProperties) = preSolution
		HideSolutionNode = FALSE
	EndGlobalSection
	GlobalSection(ExtensibilityGlobals) = postSolution
		SolutionGuid = {37B5AD40-2B42-42EE-BC3D-EBE086603DF0}
	EndGlobalSection
EndGlobal
