
Microsoft Visual Studio Solution File, Format Version 12.00
# Visual Studio Version 16
VisualStudioVersion = 16.0.30011.22
MinimumVisualStudioVersion = 10.0.40219.1
Project("{9A19103F-16F7-4668-BE54-9A1E7A4F7556}") = "TimeLogger", "TimeLogger\TimeLogger.csproj", "{27BE1427-6CE7-402D-BCFE-34B75F693E3F}"
EndProject
Project("{2150E333-8FDC-42A3-9474-1A3956D46DE8}") = "Solution Items", "Solution Items", "{15954594-13BB-4D9D-92AF-069695C5DDF2}"
	ProjectSection(SolutionItems) = preProject
		README.md = README.md
	EndProjectSection
EndProject
Global
	GlobalSection(SolutionConfigurationPlatforms) = preSolution
		Debug|Any CPU = Debug|Any CPU
		Release|Any CPU = Release|Any CPU
	EndGlobalSection
	GlobalSection(ProjectConfigurationPlatforms) = postSolution
		{27BE1427-6CE7-402D-BCFE-34B75F693E3F}.Debug|Any CPU.ActiveCfg = Debug|Any CPU
		{27BE1427-6CE7-402D-BCFE-34B75F693E3F}.Debug|Any CPU.Build.0 = Debug|Any CPU
		{27BE1427-6CE7-402D-BCFE-34B75F693E3F}.Release|Any CPU.ActiveCfg = Release|Any CPU
		{27BE1427-6CE7-402D-BCFE-34B75F693E3F}.Release|Any CPU.Build.0 = Release|Any CPU
	EndGlobalSection
	GlobalSection(SolutionProperties) = preSolution
		HideSolutionNode = FALSE
	EndGlobalSection
	GlobalSection(ExtensibilityGlobals) = postSolution
		SolutionGuid = {7EF60E3B-02F4-4B2B-9BF2-64EC246E0664}
	EndGlobalSection
EndGlobal
